
Microsoft Visual Studio Solution File, Format Version 12.00
# Visual Studio 15
VisualStudioVersion = 15.0.27130.2020
MinimumVisualStudioVersion = 10.0.40219.1
Project("{FAE04EC0-301F-11D3-BF4B-00C04F79EFBC}") = "RC6_1", "RC6_1\RC6_1.csproj", "{6561CDC6-65B7-48DA-823D-3055F8802206}"
EndProject
Global
	GlobalSection(SolutionConfigurationPlatforms) = preSolution
		Debug|Any CPU = Debug|Any CPU
		Release|Any CPU = Release|Any CPU
	EndGlobalSection
	GlobalSection(ProjectConfigurationPlatforms) = postSolution
		{6561CDC6-65B7-48DA-823D-3055F8802206}.Debug|Any CPU.ActiveCfg = Debug|Any CPU
		{6561CDC6-65B7-48DA-823D-3055F8802206}.Debug|Any CPU.Build.0 = Debug|Any CPU
		{6561CDC6-65B7-48DA-823D-3055F8802206}.Release|Any CPU.ActiveCfg = Release|Any CPU
		{6561CDC6-65B7-48DA-823D-3055F8802206}.Release|Any CPU.Build.0 = Release|Any CPU
	EndGlobalSection
	GlobalSection(SolutionProperties) = preSolution
		HideSolutionNode = FALSE
	EndGlobalSection
	GlobalSection(ExtensibilityGlobals) = postSolution
		SolutionGuid = {498F86E4-BB6A-425A-80DC-5216369CCB7A}
	EndGlobalSection
EndGlobal
